// !$*UTF8*$!
{
	archiveVersion = 1;
	classes = {
	};
	objectVersion = 46;
	objects = {

/* Begin PBXBuildFile section */
		3592FE311CF5F5B000603C72 /* AppDelegate.swift in Sources */ = {isa = PBXBuildFile; fileRef = 3592FE301CF5F5B000603C72 /* AppDelegate.swift */; };
		3592FE331CF5F5B000603C72 /* ViewController.swift in Sources */ = {isa = PBXBuildFile; fileRef = 3592FE321CF5F5B000603C72 /* ViewController.swift */; };
		3592FE361CF5F5B000603C72 /* Main.storyboard in Resources */ = {isa = PBXBuildFile; fileRef = 3592FE341CF5F5B000603C72 /* Main.storyboard */; };
		3592FE381CF5F5B000603C72 /* Assets.xcassets in Resources */ = {isa = PBXBuildFile; fileRef = 3592FE371CF5F5B000603C72 /* Assets.xcassets */; };
		3592FE3B1CF5F5B000603C72 /* LaunchScreen.storyboard in Resources */ = {isa = PBXBuildFile; fileRef = 3592FE391CF5F5B000603C72 /* LaunchScreen.storyboard */; };
		3592FE461CF5F5B000603C72 /* RomanNumeralsTests.swift in Sources */ = {isa = PBXBuildFile; fileRef = 3592FE451CF5F5B000603C72 /* RomanNumeralsTests.swift */; };
		3592FE511CF5F5B000603C72 /* RomanNumeralsUITests.swift in Sources */ = {isa = PBXBuildFile; fileRef = 3592FE501CF5F5B000603C72 /* RomanNumeralsUITests.swift */; };
		3592FE601CF74AE400603C72 /* rnModel.swift in Sources */ = {isa = PBXBuildFile; fileRef = 3592FE5F1CF74AE400603C72 /* rnModel.swift */; };
/* End PBXBuildFile section */

/* Begin PBXContainerItemProxy section */
		3592FE421CF5F5B000603C72 /* PBXContainerItemProxy */ = {
			isa = PBXContainerItemProxy;
			containerPortal = 3592FE251CF5F5B000603C72 /* Project object */;
			proxyType = 1;
			remoteGlobalIDString = 3592FE2C1CF5F5B000603C72;
			remoteInfo = RomanNumerals;
		};
		3592FE4D1CF5F5B000603C72 /* PBXContainerItemProxy */ = {
			isa = PBXContainerItemProxy;
			containerPortal = 3592FE251CF5F5B000603C72 /* Project object */;
			proxyType = 1;
			remoteGlobalIDString = 3592FE2C1CF5F5B000603C72;
			remoteInfo = RomanNumerals;
		};
/* End PBXContainerItemProxy section */

/* Begin PBXFileReference section */
		3592FE2D1CF5F5B000603C72 /* RomanNumerals.app */ = {isa = PBXFileReference; explicitFileType = wrapper.application; includeInIndex = 0; path = RomanNumerals.app; sourceTree = BUILT_PRODUCTS_DIR; };
		3592FE301CF5F5B000603C72 /* AppDelegate.swift */ = {isa = PBXFileReference; lastKnownFileType = sourcecode.swift; path = AppDelegate.swift; sourceTree = "<group>"; };
		3592FE321CF5F5B000603C72 /* ViewController.swift */ = {isa = PBXFileReference; lastKnownFileType = sourcecode.swift; path = ViewController.swift; sourceTree = "<group>"; };
		3592FE351CF5F5B000603C72 /* Base */ = {isa = PBXFileReference; lastKnownFileType = file.storyboard; name = Base; path = Base.lproj/Main.storyboard; sourceTree = "<group>"; };
		3592FE371CF5F5B000603C72 /* Assets.xcassets */ = {isa = PBXFileReference; lastKnownFileType = folder.assetcatalog; path = Assets.xcassets; sourceTree = "<group>"; };
		3592FE3A1CF5F5B000603C72 /* Base */ = {isa = PBXFileReference; lastKnownFileType = file.storyboard; name = Base; path = Base.lproj/LaunchScreen.storyboard; sourceTree = "<group>"; };
		3592FE3C1CF5F5B000603C72 /* Info.plist */ = {isa = PBXFileReference; lastKnownFileType = text.plist.xml; path = Info.plist; sourceTree = "<group>"; };
		3592FE411CF5F5B000603C72 /* RomanNumeralsTests.xctest */ = {isa = PBXFileReference; explicitFileType = wrapper.cfbundle; includeInIndex = 0; path = RomanNumeralsTests.xctest; sourceTree = BUILT_PRODUCTS_DIR; };
		3592FE451CF5F5B000603C72 /* RomanNumeralsTests.swift */ = {isa = PBXFileReference; lastKnownFileType = sourcecode.swift; path = RomanNumeralsTests.swift; sourceTree = "<group>"; };
		3592FE471CF5F5B000603C72 /* Info.plist */ = {isa = PBXFileReference; lastKnownFileType = text.plist.xml; path = Info.plist; sourceTree = "<group>"; };
		3592FE4C1CF5F5B000603C72 /* RomanNumeralsUITests.xctest */ = {isa = PBXFileReference; explicitFileType = wrapper.cfbundle; includeInIndex = 0; path = RomanNumeralsUITests.xctest; sourceTree = BUILT_PRODUCTS_DIR; };
		3592FE501CF5F5B000603C72 /* RomanNumeralsUITests.swift */ = {isa = PBXFileReference; lastKnownFileType = sourcecode.swift; path = RomanNumeralsUITests.swift; sourceTree = "<group>"; };
		3592FE521CF5F5B000603C72 /* Info.plist */ = {isa = PBXFileReference; lastKnownFileType = text.plist.xml; path = Info.plist; sourceTree = "<group>"; };
		3592FE5F1CF74AE400603C72 /* rnModel.swift */ = {isa = PBXFileReference; fileEncoding = 4; lastKnownFileType = sourcecode.swift; path = rnModel.swift; sourceTree = "<group>"; };
/* End PBXFileReference section */

/* Begin PBXFrameworksBuildPhase section */
		3592FE2A1CF5F5B000603C72 /* Frameworks */ = {
			isa = PBXFrameworksBuildPhase;
			buildActionMask = 2147483647;
			files = (
			);
			runOnlyForDeploymentPostprocessing = 0;
		};
		3592FE3E1CF5F5B000603C72 /* Frameworks */ = {
			isa = PBXFrameworksBuildPhase;
			buildActionMask = 2147483647;
			files = (
			);
			runOnlyForDeploymentPostprocessing = 0;
		};
		3592FE491CF5F5B000603C72 /* Frameworks */ = {
			isa = PBXFrameworksBuildPhase;
			buildActionMask = 2147483647;
			files = (
			);
			runOnlyForDeploymentPostprocessing = 0;
		};
/* End PBXFrameworksBuildPhase section */

/* Begin PBXGroup section */
		3592FE241CF5F5B000603C72 = {
			isa = PBXGroup;
			children = (
				3592FE2F1CF5F5B000603C72 /* RomanNumerals */,
				3592FE441CF5F5B000603C72 /* RomanNumeralsTests */,
				3592FE4F1CF5F5B000603C72 /* RomanNumeralsUITests */,
				3592FE2E1CF5F5B000603C72 /* Products */,
			);
			sourceTree = "<group>";
		};
		3592FE2E1CF5F5B000603C72 /* Products */ = {
			isa = PBXGroup;
			children = (
				3592FE2D1CF5F5B000603C72 /* RomanNumerals.app */,
				3592FE411CF5F5B000603C72 /* RomanNumeralsTests.xctest */,
				3592FE4C1CF5F5B000603C72 /* RomanNumeralsUITests.xctest */,
			);
			name = Products;
			sourceTree = "<group>";
		};
		3592FE2F1CF5F5B000603C72 /* RomanNumerals */ = {
			isa = PBXGroup;
			children = (
				3592FE5E1CF5F5BD00603C72 /* Supporting Files */,
				3592FE321CF5F5B000603C72 /* ViewController.swift */,
				3592FE5F1CF74AE400603C72 /* rnModel.swift */,
				3592FE341CF5F5B000603C72 /* Main.storyboard */,
			);
			path = RomanNumerals;
			sourceTree = "<group>";
		};
		3592FE441CF5F5B000603C72 /* RomanNumeralsTests */ = {
			isa = PBXGroup;
			children = (
				3592FE451CF5F5B000603C72 /* RomanNumeralsTests.swift */,
				3592FE471CF5F5B000603C72 /* Info.plist */,
			);
			path = RomanNumeralsTests;
			sourceTree = "<group>";
		};
		3592FE4F1CF5F5B000603C72 /* RomanNumeralsUITests */ = {
			isa = PBXGroup;
			children = (
				3592FE501CF5F5B000603C72 /* RomanNumeralsUITests.swift */,
				3592FE521CF5F5B000603C72 /* Info.plist */,
			);
			path = RomanNumeralsUITests;
			sourceTree = "<group>";
		};
		3592FE5E1CF5F5BD00603C72 /* Supporting Files */ = {
			isa = PBXGroup;
			children = (
				3592FE301CF5F5B000603C72 /* AppDelegate.swift */,
				3592FE371CF5F5B000603C72 /* Assets.xcassets */,
				3592FE391CF5F5B000603C72 /* LaunchScreen.storyboard */,
				3592FE3C1CF5F5B000603C72 /* Info.plist */,
			);
			name = "Supporting Files";
			sourceTree = "<group>";
		};
/* End PBXGroup section */

/* Begin PBXNativeTarget section */
		3592FE2C1CF5F5B000603C72 /* RomanNumerals */ = {
			isa = PBXNativeTarget;
			buildConfigurationList = 3592FE551CF5F5B000603C72 /* Build configuration list for PBXNativeTarget "RomanNumerals" */;
			buildPhases = (
				3592FE291CF5F5B000603C72 /* Sources */,
				3592FE2A1CF5F5B000603C72 /* Frameworks */,
				3592FE2B1CF5F5B000603C72 /* Resources */,
			);
			buildRules = (
			);
			dependencies = (
			);
			name = RomanNumerals;
			productName = RomanNumerals;
			productReference = 3592FE2D1CF5F5B000603C72 /* RomanNumerals.app */;
			productType = "com.apple.product-type.application";
		};
		3592FE401CF5F5B000603C72 /* RomanNumeralsTests */ = {
			isa = PBXNativeTarget;
			buildConfigurationList = 3592FE581CF5F5B000603C72 /* Build configuration list for PBXNativeTarget "RomanNumeralsTests" */;
			buildPhases = (
				3592FE3D1CF5F5B000603C72 /* Sources */,
				3592FE3E1CF5F5B000603C72 /* Frameworks */,
				3592FE3F1CF5F5B000603C72 /* Resources */,
			);
			buildRules = (
			);
			dependencies = (
				3592FE431CF5F5B000603C72 /* PBXTargetDependency */,
			);
			name = RomanNumeralsTests;
			productName = RomanNumeralsTests;
			productReference = 3592FE411CF5F5B000603C72 /* RomanNumeralsTests.xctest */;
			productType = "com.apple.product-type.bundle.unit-test";
		};
		3592FE4B1CF5F5B000603C72 /* RomanNumeralsUITests */ = {
			isa = PBXNativeTarget;
			buildConfigurationList = 3592FE5B1CF5F5B000603C72 /* Build configuration list for PBXNativeTarget "RomanNumeralsUITests" */;
			buildPhases = (
				3592FE481CF5F5B000603C72 /* Sources */,
				3592FE491CF5F5B000603C72 /* Frameworks */,
				3592FE4A1CF5F5B000603C72 /* Resources */,
			);
			buildRules = (
			);
			dependencies = (
				3592FE4E1CF5F5B000603C72 /* PBXTargetDependency */,
			);
			name = RomanNumeralsUITests;
			productName = RomanNumeralsUITests;
			productReference = 3592FE4C1CF5F5B000603C72 /* RomanNumeralsUITests.xctest */;
			productType = "com.apple.product-type.bundle.ui-testing";
		};
/* End PBXNativeTarget section */

/* Begin PBXProject section */
		3592FE251CF5F5B000603C72 /* Project object */ = {
			isa = PBXProject;
			attributes = {
				LastSwiftUpdateCheck = 0730;
				LastUpgradeCheck = 0730;
				ORGANIZATIONNAME = "Kevin Zeckser";
				TargetAttributes = {
					3592FE2C1CF5F5B000603C72 = {
						CreatedOnToolsVersion = 7.3.1;
						DevelopmentTeam = G58RBKU955;
						LastSwiftMigration = 0820;
					};
					3592FE401CF5F5B000603C72 = {
						CreatedOnToolsVersion = 7.3.1;
						DevelopmentTeam = G58RBKU955;
						LastSwiftMigration = 0820;
						TestTargetID = 3592FE2C1CF5F5B000603C72;
					};
					3592FE4B1CF5F5B000603C72 = {
						CreatedOnToolsVersion = 7.3.1;
						DevelopmentTeam = G58RBKU955;
						LastSwiftMigration = 0820;
						TestTargetID = 3592FE2C1CF5F5B000603C72;
					};
				};
			};
			buildConfigurationList = 3592FE281CF5F5B000603C72 /* Build configuration list for PBXProject "RomanNumerals" */;
			compatibilityVersion = "Xcode 3.2";
			developmentRegion = English;
			hasScannedForEncodings = 0;
			knownRegions = (
				en,
				Base,
			);
			mainGroup = 3592FE241CF5F5B000603C72;
			productRefGroup = 3592FE2E1CF5F5B000603C72 /* Products */;
			projectDirPath = "";
			projectRoot = "";
			targets = (
				3592FE2C1CF5F5B000603C72 /* RomanNumerals */,
				3592FE401CF5F5B000603C72 /* RomanNumeralsTests */,
				3592FE4B1CF5F5B000603C72 /* RomanNumeralsUITests */,
			);
		};
/* End PBXProject section */

/* Begin PBXResourcesBuildPhase section */
		3592FE2B1CF5F5B000603C72 /* Resources */ = {
			isa = PBXResourcesBuildPhase;
			buildActionMask = 2147483647;
			files = (
				3592FE3B1CF5F5B000603C72 /* LaunchScreen.storyboard in Resources */,
				3592FE381CF5F5B000603C72 /* Assets.xcassets in Resources */,
				3592FE361CF5F5B000603C72 /* Main.storyboard in Resources */,
			);
			runOnlyForDeploymentPostprocessing = 0;
		};
		3592FE3F1CF5F5B000603C72 /* Resources */ = {
			isa = PBXResourcesBuildPhase;
			buildActionMask = 2147483647;
			files = (
			);
			runOnlyForDeploymentPostprocessing = 0;
		};
		3592FE4A1CF5F5B000603C72 /* Resources */ = {
			isa = PBXResourcesBuildPhase;
			buildActionMask = 2147483647;
			files = (
			);
			runOnlyForDeploymentPostprocessing = 0;
		};
/* End PBXResourcesBuildPhase section */

/* Begin PBXSourcesBuildPhase section */
		3592FE291CF5F5B000603C72 /* Sources */ = {
			isa = PBXSourcesBuildPhase;
			buildActionMask = 2147483647;
			files = (
				3592FE601CF74AE400603C72 /* rnModel.swift in Sources */,
				3592FE331CF5F5B000603C72 /* ViewController.swift in Sources */,
				3592FE311CF5F5B000603C72 /* AppDelegate.swift in Sources */,
			);
			runOnlyForDeploymentPostprocessing = 0;
		};
		3592FE3D1CF5F5B000603C72 /* Sources */ = {
			isa = PBXSourcesBuildPhase;
			buildActionMask = 2147483647;
			files = (
				3592FE461CF5F5B000603C72 /* RomanNumeralsTests.swift in Sources */,
			);
			runOnlyForDeploymentPostprocessing = 0;
		};
		3592FE481CF5F5B000603C72 /* Sources */ = {
			isa = PBXSourcesBuildPhase;
			buildActionMask = 2147483647;
			files = (
				3592FE511CF5F5B000603C72 /* RomanNumeralsUITests.swift in Sources */,
			);
			runOnlyForDeploymentPostprocessing = 0;
		};
/* End PBXSourcesBuildPhase section */

/* Begin PBXTargetDependency section */
		3592FE431CF5F5B000603C72 /* PBXTargetDependency */ = {
			isa = PBXTargetDependency;
			target = 3592FE2C1CF5F5B000603C72 /* RomanNumerals */;
			targetProxy = 3592FE421CF5F5B000603C72 /* PBXContainerItemProxy */;
		};
		3592FE4E1CF5F5B000603C72 /* PBXTargetDependency */ = {
			isa = PBXTargetDependency;
			target = 3592FE2C1CF5F5B000603C72 /* RomanNumerals */;
			targetProxy = 3592FE4D1CF5F5B000603C72 /* PBXContainerItemProxy */;
		};
/* End PBXTargetDependency section */

/* Begin PBXVariantGroup section */
		3592FE341CF5F5B000603C72 /* Main.storyboard */ = {
			isa = PBXVariantGroup;
			children = (
				3592FE351CF5F5B000603C72 /* Base */,
			);
			name = Main.storyboard;
			sourceTree = "<group>";
		};
		3592FE391CF5F5B000603C72 /* LaunchScreen.storyboard */ = {
			isa = PBXVariantGroup;
			children = (
				3592FE3A1CF5F5B000603C72 /* Base */,
			);
			name = LaunchScreen.storyboard;
			sourceTree = "<group>";
		};
/* End PBXVariantGroup section */

/* Begin XCBuildConfiguration section */
		3592FE531CF5F5B000603C72 /* Debug */ = {
			isa = XCBuildConfiguration;
			buildSettings = {
				ALWAYS_SEARCH_USER_PATHS = NO;
				CLANG_ANALYZER_NONNULL = YES;
				CLANG_CXX_LANGUAGE_STANDARD = "gnu++0x";
				CLANG_CXX_LIBRARY = "libc++";
				CLANG_ENABLE_MODULES = YES;
				CLANG_ENABLE_OBJC_ARC = YES;
				CLANG_WARN_BOOL_CONVERSION = YES;
				CLANG_WARN_CONSTANT_CONVERSION = YES;
				CLANG_WARN_DIRECT_OBJC_ISA_USAGE = YES_ERROR;
				CLANG_WARN_EMPTY_BODY = YES;
				CLANG_WARN_ENUM_CONVERSION = YES;
				CLANG_WARN_INT_CONVERSION = YES;
				CLANG_WARN_OBJC_ROOT_CLASS = YES_ERROR;
				CLANG_WARN_UNREACHABLE_CODE = YES;
				CLANG_WARN__DUPLICATE_METHOD_MATCH = YES;
				"CODE_SIGN_IDENTITY[sdk=iphoneos*]" = "iPhone Developer";
				COPY_PHASE_STRIP = NO;
				DEBUG_INFORMATION_FORMAT = dwarf;
				ENABLE_STRICT_OBJC_MSGSEND = YES;
				ENABLE_TESTABILITY = YES;
				GCC_C_LANGUAGE_STANDARD = gnu99;
				GCC_DYNAMIC_NO_PIC = NO;
				GCC_NO_COMMON_BLOCKS = YES;
				GCC_OPTIMIZATION_LEVEL = 0;
				GCC_PREPROCESSOR_DEFINITIONS = (
					"DEBUG=1",
					"$(inherited)",
				);
				GCC_WARN_64_TO_32_BIT_CONVERSION = YES;
				GCC_WARN_ABOUT_RETURN_TYPE = YES_ERROR;
				GCC_WARN_UNDECLARED_SELECTOR = YES;
				GCC_WARN_UNINITIALIZED_AUTOS = YES_AGGRESSIVE;
				GCC_WARN_UNUSED_FUNCTION = YES;
				GCC_WARN_UNUSED_VARIABLE = YES;
				IPHONEOS_DEPLOYMENT_TARGET = 9.3;
				MTL_ENABLE_DEBUG_INFO = YES;
				ONLY_ACTIVE_ARCH = YES;
				SDKROOT = iphoneos;
				SWIFT_OPTIMIZATION_LEVEL = "-Onone";
			};
			name = Debug;
		};
		3592FE541CF5F5B000603C72 /* Release */ = {
			isa = XCBuildConfiguration;
			buildSettings = {
				ALWAYS_SEARCH_USER_PATHS = NO;
				CLANG_ANALYZER_NONNULL = YES;
				CLANG_CXX_LANGUAGE_STANDARD = "gnu++0x";
				CLANG_CXX_LIBRARY = "libc++";
				CLANG_ENABLE_MODULES = YES;
				CLANG_ENABLE_OBJC_ARC = YES;
				CLANG_WARN_BOOL_CONVERSION = YES;
				CLANG_WARN_CONSTANT_CONVERSION = YES;
				CLANG_WARN_DIRECT_OBJC_ISA_USAGE = YES_ERROR;
				CLANG_WARN_EMPTY_BODY = YES;
				CLANG_WARN_ENUM_CONVERSION = YES;
				CLANG_WARN_INT_CONVERSION = YES;
				CLANG_WARN_OBJC_ROOT_CLASS = YES_ERROR;
				CLANG_WARN_UNREACHABLE_CODE = YES;
				CLANG_WARN__DUPLICATE_METHOD_MATCH = YES;
				"CODE_SIGN_IDENTITY[sdk=iphoneos*]" = "iPhone Developer";
				COPY_PHASE_STRIP = NO;
				DEBUG_INFORMATION_FORMAT = "dwarf-with-dsym";
				ENABLE_NS_ASSERTIONS = NO;
				ENABLE_STRICT_OBJC_MSGSEND = YES;
				GCC_C_LANGUAGE_STANDARD = gnu99;
				GCC_NO_COMMON_BLOCKS = YES;
				GCC_WARN_64_TO_32_BIT_CONVERSION = YES;
				GCC_WARN_ABOUT_RETURN_TYPE = YES_ERROR;
				GCC_WARN_UNDECLARED_SELECTOR = YES;
				GCC_WARN_UNINITIALIZED_AUTOS = YES_AGGRESSIVE;
				GCC_WARN_UNUSED_FUNCTION = YES;
				GCC_WARN_UNUSED_VARIABLE = YES;
				IPHONEOS_DEPLOYMENT_TARGET = 9.3;
				MTL_ENABLE_DEBUG_INFO = NO;
				SDKROOT = iphoneos;
				VALIDATE_PRODUCT = YES;
			};
			name = Release;
		};
		3592FE561CF5F5B000603C72 /* Debug */ = {
			isa = XCBuildConfiguration;
			buildSettings = {
				ASSETCATALOG_COMPILER_APPICON_NAME = AppIcon;
				INFOPLIST_FILE = RomanNumerals/Info.plist;
				LD_RUNPATH_SEARCH_PATHS = "$(inherited) @executable_path/Frameworks";
				PRODUCT_BUNDLE_IDENTIFIER = com.KZ.RomanNumerals;
				PRODUCT_NAME = "$(TARGET_NAME)";
				SWIFT_VERSION = 3.0;
			};
			name = Debug;
		};
		3592FE571CF5F5B000603C72 /* Release */ = {
			isa = XCBuildConfiguration;
			buildSettings = {
				ASSETCATALOG_COMPILER_APPICON_NAME = AppIcon;
				INFOPLIST_FILE = RomanNumerals/Info.plist;
				LD_RUNPATH_SEARCH_PATHS = "$(inherited) @executable_path/Frameworks";
				PRODUCT_BUNDLE_IDENTIFIER = com.KZ.RomanNumerals;
				PRODUCT_NAME = "$(TARGET_NAME)";
				SWIFT_VERSION = 3.0;
			};
			name = Release;
		};
		3592FE591CF5F5B000603C72 /* Debug */ = {
			isa = XCBuildConfiguration;
			buildSettings = {
				BUNDLE_LOADER = "$(TEST_HOST)";
				INFOPLIST_FILE = RomanNumeralsTests/Info.plist;
				LD_RUNPATH_SEARCH_PATHS = "$(inherited) @executable_path/Frameworks @loader_path/Frameworks";
				PRODUCT_BUNDLE_IDENTIFIER = com.KZ.RomanNumeralsTests;
				PRODUCT_NAME = "$(TARGET_NAME)";
				SWIFT_VERSION = 3.0;
				TEST_HOST = "$(BUILT_PRODUCTS_DIR)/RomanNumerals.app/RomanNumerals";
			};
			name = Debug;
		};
		3592FE5A1CF5F5B000603C72 /* Release */ = {
			isa = XCBuildConfiguration;
			buildSettings = {
				BUNDLE_LOADER = "$(TEST_HOST)";
				INFOPLIST_FILE = RomanNumeralsTests/Info.plist;
				LD_RUNPATH_SEARCH_PATHS = "$(inherited) @executable_path/Frameworks @loader_path/Frameworks";
				PRODUCT_BUNDLE_IDENTIFIER = com.KZ.RomanNumeralsTests;
				PRODUCT_NAME = "$(TARGET_NAME)";
				SWIFT_VERSION = 3.0;
				TEST_HOST = "$(BUILT_PRODUCTS_DIR)/RomanNumerals.app/RomanNumerals";
			};
			name = Release;
		};
		3592FE5C1CF5F5B000603C72 /* Debug */ = {
			isa = XCBuildConfiguration;
			buildSettings = {
				INFOPLIST_FILE = RomanNumeralsUITests/Info.plist;
				LD_RUNPATH_SEARCH_PATHS = "$(inherited) @executable_path/Frameworks @loader_path/Frameworks";
				PRODUCT_BUNDLE_IDENTIFIER = com.KZ.RomanNumeralsUITests;
				PRODUCT_NAME = "$(TARGET_NAME)";
				SWIFT_VERSION = 3.0;
				TEST_TARGET_NAME = RomanNumerals;
			};
			name = Debug;
		};
		3592FE5D1CF5F5B000603C72 /* Release */ = {
			isa = XCBuildConfiguration;
			buildSettings = {
				INFOPLIST_FILE = RomanNumeralsUITests/Info.plist;
				LD_RUNPATH_SEARCH_PATHS = "$(inherited) @executable_path/Frameworks @loader_path/Frameworks";
				PRODUCT_BUNDLE_IDENTIFIER = com.KZ.RomanNumeralsUITests;
				PRODUCT_NAME = "$(TARGET_NAME)";
				SWIFT_VERSION = 3.0;
				TEST_TARGET_NAME = RomanNumerals;
			};
			name = Release;
		};
/* End XCBuildConfiguration section */

/* Begin XCConfigurationList section */
		3592FE281CF5F5B000603C72 /* Build configuration list for PBXProject "RomanNumerals" */ = {
			isa = XCConfigurationList;
			buildConfigurations = (
				3592FE531CF5F5B000603C72 /* Debug */,
				3592FE541CF5F5B000603C72 /* Release */,
			);
			defaultConfigurationIsVisible = 0;
			defaultConfigurationName = Release;
		};
		3592FE551CF5F5B000603C72 /* Build configuration list for PBXNativeTarget "RomanNumerals" */ = {
			isa = XCConfigurationList;
			buildConfigurations = (
				3592FE561CF5F5B000603C72 /* Debug */,
				3592FE571CF5F5B000603C72 /* Release */,
			);
			defaultConfigurationIsVisible = 0;
			defaultConfigurationName = Release;
		};
		3592FE581CF5F5B000603C72 /* Build configuration list for PBXNativeTarget "RomanNumeralsTests" */ = {
			isa = XCConfigurationList;
			buildConfigurations = (
				3592FE591CF5F5B000603C72 /* Debug */,
				3592FE5A1CF5F5B000603C72 /* Release */,
			);
			defaultConfigurationIsVisible = 0;
			defaultConfigurationName = Release;
		};
		3592FE5B1CF5F5B000603C72 /* Build configuration list for PBXNativeTarget "RomanNumeralsUITests" */ = {
			isa = XCConfigurationList;
			buildConfigurations = (
				3592FE5C1CF5F5B000603C72 /* Debug */,
				3592FE5D1CF5F5B000603C72 /* Release */,
			);
			defaultConfigurationIsVisible = 0;
			defaultConfigurationName = Release;
		};
/* End XCConfigurationList section */
	};
	rootObject = 3592FE251CF5F5B000603C72 /* Project object */;
}
